{
	"name": "@lean4/infoview-api",
	"version": "0.1.0",
	"lockfileVersion": 2,
	"requires": true,
	"packages": {
		"": {
			"name": "@lean4/infoview-api",
			"version": "0.1.0",
			"license": "Apache-2.0",
			"devDependencies": {
				"typescript": "^4.5.4",
				"vscode-languageserver-protocol": "^3.17.0-next"
			}
		},
		"node_modules/typescript": {
			"version": "4.6.2",
			"resolved": "https://registry.npmjs.org/typescript/-/typescript-4.6.2.tgz",
			"integrity": "sha512-HM/hFigTBHZhLXshn9sN37H085+hQGeJHJ/X7LpBWLID/fbc2acUMfU+lGD98X81sKP+pFa9f0DZmCwB9GnbAg==",
			"dev": true,
			"bin": {
				"tsc": "bin/tsc",
				"tsserver": "bin/tsserver"
			},
			"engines": {
				"node": ">=4.2.0"
			}
		},
		"node_modules/vscode-jsonrpc": {
			"version": "8.0.0-next.7",
			"resolved": "https://registry.npmjs.org/vscode-jsonrpc/-/vscode-jsonrpc-8.0.0-next.7.tgz",
			"integrity": "sha512-JX/F31LEsims0dAlOTKFE4E+AJMiJvdRSRViifFJSqSN7EzeYyWlfuDchF7g91oRNPZOIWfibTkDf3/UMsQGzQ==",
			"dev": true,
			"engines": {
				"node": ">=14.0.0"
			}
		},
		"node_modules/vscode-languageserver-protocol": {
			"version": "3.17.0-next.16",
			"resolved": "https://registry.npmjs.org/vscode-languageserver-protocol/-/vscode-languageserver-protocol-3.17.0-next.16.tgz",
			"integrity": "sha512-tx4DnXw9u3N7vw+bx6n2NKp6FoxoNwiP/biH83AS30I2AnTGyLd7afSeH6Oewn2E8jvB7K15bs12sMppkKOVeQ==",
			"dev": true,
			"dependencies": {
				"vscode-jsonrpc": "8.0.0-next.7",
				"vscode-languageserver-types": "3.17.0-next.9"
			}
		},
		"node_modules/vscode-languageserver-types": {
			"version": "3.17.0-next.9",
			"resolved": "https://registry.npmjs.org/vscode-languageserver-types/-/vscode-languageserver-types-3.17.0-next.9.tgz",
			"integrity": "sha512-9/PeDNPYduaoXRUzYpqmu4ZV9L01HGo0wH9FUt+sSHR7IXwA7xoXBfNUlv8gB9H0D2WwEmMomSy1NmhjKQyn3A==",
			"dev": true
		}
	},
	"dependencies": {
		"typescript": {
			"version": "4.6.2",
			"resolved": "https://registry.npmjs.org/typescript/-/typescript-4.6.2.tgz",
			"integrity": "sha512-HM/hFigTBHZhLXshn9sN37H085+hQGeJHJ/X7LpBWLID/fbc2acUMfU+lGD98X81sKP+pFa9f0DZmCwB9GnbAg==",
			"dev": true
		},
		"vscode-jsonrpc": {
			"version": "8.0.0-next.7",
			"resolved": "https://registry.npmjs.org/vscode-jsonrpc/-/vscode-jsonrpc-8.0.0-next.7.tgz",
			"integrity": "sha512-JX/F31LEsims0dAlOTKFE4E+AJMiJvdRSRViifFJSqSN7EzeYyWlfuDchF7g91oRNPZOIWfibTkDf3/UMsQGzQ==",
			"dev": true
		},
		"vscode-languageserver-protocol": {
			"version": "3.17.0-next.16",
			"resolved": "https://registry.npmjs.org/vscode-languageserver-protocol/-/vscode-languageserver-protocol-3.17.0-next.16.tgz",
			"integrity": "sha512-tx4DnXw9u3N7vw+bx6n2NKp6FoxoNwiP/biH83AS30I2AnTGyLd7afSeH6Oewn2E8jvB7K15bs12sMppkKOVeQ==",
			"dev": true,
			"requires": {
				"vscode-jsonrpc": "8.0.0-next.7",
				"vscode-languageserver-types": "3.17.0-next.9"
			}
		},
		"vscode-languageserver-types": {
			"version": "3.17.0-next.9",
			"resolved": "https://registry.npmjs.org/vscode-languageserver-types/-/vscode-languageserver-types-3.17.0-next.9.tgz",
			"integrity": "sha512-9/PeDNPYduaoXRUzYpqmu4ZV9L01HGo0wH9FUt+sSHR7IXwA7xoXBfNUlv8gB9H0D2WwEmMomSy1NmhjKQyn3A==",
			"dev": true
		}
	}
}
