{
	"name": "@lean4/infoview-api",
	"version": "0.1.0",
	"lockfileVersion": 2,
	"requires": true,
	"packages": {
		"": {
			"name": "@lean4/infoview-api",
			"version": "0.1.0",
			"license": "Apache-2.0",
			"devDependencies": {
				"typescript": "^4.5.4",
				"vscode-languageserver-protocol": "^3.17.0-next"
			}
		},
		"node_modules/typescript": {
			"version": "4.6.2",
			"resolved": "https://registry.npmjs.org/typescript/-/typescript-4.6.2.tgz",
			"integrity": "sha512-HM/hFigTBHZhLXshn9sN37H085+hQGeJHJ/X7LpBWLID/fbc2acUMfU+lGD98X81sKP+pFa9f0DZmCwB9GnbAg==",
			"dev": true,
			"bin": {
				"tsc": "bin/tsc",
				"tsserver": "bin/tsserver"
			},
			"engines": {
				"node": ">=4.2.0"
			}
		},
		"node_modules/vscode-jsonrpc": {
			"version": "8.0.0-next.7",
			"resolved": "https://registry.npmjs.org/vscode-jsonrpc/-/vscode-jsonrpc-8.0.0-next.7.tgz",
			"integrity": "sha512-JX/F31LEsims0dAlOTKFE4E+AJMiJvdRSRViifFJSqSN7EzeYyWlfuDchF7g91oRNPZOIWfibTkDf3/UMsQGzQ==",
			"dev": true,
			"engines": {
				"node": ">=14.0.0"
			}
		},
		"node_modules/vscode-languageserver-protocol": {
			"version": "3.17.0-next.15",
			"resolved": "https://registry.npmjs.org/vscode-languageserver-protocol/-/vscode-languageserver-protocol-3.17.0-next.15.tgz",
			"integrity": "sha512-73LffxyP/0TRyk3J7bCYt0BuFBzk4Qvo5TqZndOsP+uBDbRV4IT7ebu4M/XoPDSCyZ+jDIxW7if/JbhBznmwBg==",
			"dev": true,
			"dependencies": {
				"vscode-jsonrpc": "8.0.0-next.7",
				"vscode-languageserver-types": "3.17.0-next.8"
			}
		},
		"node_modules/vscode-languageserver-types": {
			"version": "3.17.0-next.8",
			"resolved": "https://registry.npmjs.org/vscode-languageserver-types/-/vscode-languageserver-types-3.17.0-next.8.tgz",
			"integrity": "sha512-Mwj+FemiEk4QUUms1GGvXwDC+laJGVFuA4glbMVJTxfXdfOFZaEuyVlLobjccBo+NzD+5oEzzejTX7nWGNajjQ==",
			"dev": true
		}
	},
	"dependencies": {
		"typescript": {
			"version": "4.6.2",
			"resolved": "https://registry.npmjs.org/typescript/-/typescript-4.6.2.tgz",
			"integrity": "sha512-HM/hFigTBHZhLXshn9sN37H085+hQGeJHJ/X7LpBWLID/fbc2acUMfU+lGD98X81sKP+pFa9f0DZmCwB9GnbAg==",
			"dev": true
		},
		"vscode-jsonrpc": {
			"version": "8.0.0-next.7",
			"resolved": "https://registry.npmjs.org/vscode-jsonrpc/-/vscode-jsonrpc-8.0.0-next.7.tgz",
			"integrity": "sha512-JX/F31LEsims0dAlOTKFE4E+AJMiJvdRSRViifFJSqSN7EzeYyWlfuDchF7g91oRNPZOIWfibTkDf3/UMsQGzQ==",
			"dev": true
		},
		"vscode-languageserver-protocol": {
			"version": "3.17.0-next.15",
			"resolved": "https://registry.npmjs.org/vscode-languageserver-protocol/-/vscode-languageserver-protocol-3.17.0-next.15.tgz",
			"integrity": "sha512-73LffxyP/0TRyk3J7bCYt0BuFBzk4Qvo5TqZndOsP+uBDbRV4IT7ebu4M/XoPDSCyZ+jDIxW7if/JbhBznmwBg==",
			"dev": true,
			"requires": {
				"vscode-jsonrpc": "8.0.0-next.7",
				"vscode-languageserver-types": "3.17.0-next.8"
			}
		},
		"vscode-languageserver-types": {
			"version": "3.17.0-next.8",
			"resolved": "https://registry.npmjs.org/vscode-languageserver-types/-/vscode-languageserver-types-3.17.0-next.8.tgz",
			"integrity": "sha512-Mwj+FemiEk4QUUms1GGvXwDC+laJGVFuA4glbMVJTxfXdfOFZaEuyVlLobjccBo+NzD+5oEzzejTX7nWGNajjQ==",
			"dev": true
		}
	}
}
