{
	"name": "@lean4/infoview-api",
	"version": "0.1.0",
	"lockfileVersion": 2,
	"requires": true,
	"packages": {
		"": {
			"name": "@lean4/infoview-api",
			"version": "0.1.0",
			"license": "Apache-2.0",
			"devDependencies": {
				"typescript": "^4.5.4",
				"vscode-languageserver-protocol": "^3.17.0-next"
			}
		},
		"node_modules/typescript": {
			"version": "4.5.4",
			"resolved": "https://registry.npmjs.org/typescript/-/typescript-4.5.4.tgz",
			"integrity": "sha512-VgYs2A2QIRuGphtzFV7aQJduJ2gyfTljngLzjpfW9FoYZF6xuw1W0vW9ghCKLfcWrCFxK81CSGRAvS1pn4fIUg==",
			"dev": true,
			"bin": {
				"tsc": "bin/tsc",
				"tsserver": "bin/tsserver"
			},
			"engines": {
				"node": ">=4.2.0"
			}
		},
		"node_modules/vscode-jsonrpc": {
			"version": "8.0.0-next.4",
			"resolved": "https://registry.npmjs.org/vscode-jsonrpc/-/vscode-jsonrpc-8.0.0-next.4.tgz",
			"integrity": "sha512-i+wvza5Wd0YV/t9qhnS8I+dJdhJ1fHIhRW4f262rXXM9Mgts5VZhYrRZufGcai4y99RlbZvwaZhplQ6diRXkaA==",
			"dev": true,
			"engines": {
				"node": ">=8.0.0 || >=10.0.0"
			}
		},
		"node_modules/vscode-languageserver-protocol": {
			"version": "3.17.0-next.11",
			"resolved": "https://registry.npmjs.org/vscode-languageserver-protocol/-/vscode-languageserver-protocol-3.17.0-next.11.tgz",
			"integrity": "sha512-9FqHT7XvM6tWFsnLvRfuQA7Zh7wZZYAwA9dK85lYthA8M1aXpXEP9drXVvO/Fe03MUeJpKVf2e4/NvDaFUnttg==",
			"dev": true,
			"dependencies": {
				"vscode-jsonrpc": "8.0.0-next.4",
				"vscode-languageserver-types": "3.17.0-next.5"
			}
		},
		"node_modules/vscode-languageserver-types": {
			"version": "3.17.0-next.5",
			"resolved": "https://registry.npmjs.org/vscode-languageserver-types/-/vscode-languageserver-types-3.17.0-next.5.tgz",
			"integrity": "sha512-Zcfaw8BznhlJWB09LDR0dscXyxn9+liREqJnPF4pigeUCHwKxYapYqizwuCpMHQ/oLYiAvKwU+f28hPleYu7pA==",
			"dev": true
		}
	},
	"dependencies": {
		"typescript": {
			"version": "4.5.4",
			"resolved": "https://registry.npmjs.org/typescript/-/typescript-4.5.4.tgz",
			"integrity": "sha512-VgYs2A2QIRuGphtzFV7aQJduJ2gyfTljngLzjpfW9FoYZF6xuw1W0vW9ghCKLfcWrCFxK81CSGRAvS1pn4fIUg==",
			"dev": true
		},
		"vscode-jsonrpc": {
			"version": "8.0.0-next.4",
			"resolved": "https://registry.npmjs.org/vscode-jsonrpc/-/vscode-jsonrpc-8.0.0-next.4.tgz",
			"integrity": "sha512-i+wvza5Wd0YV/t9qhnS8I+dJdhJ1fHIhRW4f262rXXM9Mgts5VZhYrRZufGcai4y99RlbZvwaZhplQ6diRXkaA==",
			"dev": true
		},
		"vscode-languageserver-protocol": {
			"version": "3.17.0-next.11",
			"resolved": "https://registry.npmjs.org/vscode-languageserver-protocol/-/vscode-languageserver-protocol-3.17.0-next.11.tgz",
			"integrity": "sha512-9FqHT7XvM6tWFsnLvRfuQA7Zh7wZZYAwA9dK85lYthA8M1aXpXEP9drXVvO/Fe03MUeJpKVf2e4/NvDaFUnttg==",
			"dev": true,
			"requires": {
				"vscode-jsonrpc": "8.0.0-next.4",
				"vscode-languageserver-types": "3.17.0-next.5"
			}
		},
		"vscode-languageserver-types": {
			"version": "3.17.0-next.5",
			"resolved": "https://registry.npmjs.org/vscode-languageserver-types/-/vscode-languageserver-types-3.17.0-next.5.tgz",
			"integrity": "sha512-Zcfaw8BznhlJWB09LDR0dscXyxn9+liREqJnPF4pigeUCHwKxYapYqizwuCpMHQ/oLYiAvKwU+f28hPleYu7pA==",
			"dev": true
		}
	}
}
